
Microsoft Visual Studio Solution File, Format Version 12.00
# Visual Studio 15
VisualStudioVersion = 15.0.33026.149
MinimumVisualStudioVersion = 10.0.40219.1
Project("{FAE04EC0-301F-11D3-BF4B-00C04F79EFBC}") = "Paonia_Backend", "Paonia_Backend\Paonia_Backend.csproj", "{C080C802-36D4-40A3-850B-FF9201B3E41D}"
EndProject
Global
	GlobalSection(SolutionConfigurationPlatforms) = preSolution
		Debug|Any CPU = Debug|Any CPU
		Release|Any CPU = Release|Any CPU
	EndGlobalSection
	GlobalSection(ProjectConfigurationPlatforms) = postSolution
		{C080C802-36D4-40A3-850B-FF9201B3E41D}.Debug|Any CPU.ActiveCfg = Debug|Any CPU
		{C080C802-36D4-40A3-850B-FF9201B3E41D}.Debug|Any CPU.Build.0 = Debug|Any CPU
		{C080C802-36D4-40A3-850B-FF9201B3E41D}.Release|Any CPU.ActiveCfg = Release|Any CPU
		{C080C802-36D4-40A3-850B-FF9201B3E41D}.Release|Any CPU.Build.0 = Release|Any CPU
	EndGlobalSection
	GlobalSection(SolutionProperties) = preSolution
		HideSolutionNode = FALSE
	EndGlobalSection
	GlobalSection(ExtensibilityGlobals) = postSolution
		SolutionGuid = {AA7BEA63-E24A-4462-A22B-B16EDF680DC3}
	EndGlobalSection
EndGlobal
